
Microsoft Visual Studio Solution File, Format Version 12.00
# Visual Studio Version 16
VisualStudioVersion = 16.0.31005.135
MinimumVisualStudioVersion = 10.0.40219.1
Project("{FAE04EC0-301F-11D3-BF4B-00C04F79EFBC}") = "PlayingCards", "PlayingCards\PlayingCards.csproj", "{214D1770-B87D-4DB7-9B0D-6745C0E7DF12}"
EndProject
Project("{FAE04EC0-301F-11D3-BF4B-00C04F79EFBC}") = "test", "test\test.csproj", "{13824D47-B283-4E4E-8519-A268E0018290}"
EndProject
Global
	GlobalSection(SolutionConfigurationPlatforms) = preSolution
		Debug|Any CPU = Debug|Any CPU
		Release|Any CPU = Release|Any CPU
	EndGlobalSection
	GlobalSection(ProjectConfigurationPlatforms) = postSolution
		{214D1770-B87D-4DB7-9B0D-6745C0E7DF12}.Debug|Any CPU.ActiveCfg = Debug|Any CPU
		{214D1770-B87D-4DB7-9B0D-6745C0E7DF12}.Debug|Any CPU.Build.0 = Debug|Any CPU
		{214D1770-B87D-4DB7-9B0D-6745C0E7DF12}.Release|Any CPU.ActiveCfg = Release|Any CPU
		{214D1770-B87D-4DB7-9B0D-6745C0E7DF12}.Release|Any CPU.Build.0 = Release|Any CPU
		{13824D47-B283-4E4E-8519-A268E0018290}.Debug|Any CPU.ActiveCfg = Debug|Any CPU
		{13824D47-B283-4E4E-8519-A268E0018290}.Debug|Any CPU.Build.0 = Debug|Any CPU
		{13824D47-B283-4E4E-8519-A268E0018290}.Release|Any CPU.ActiveCfg = Release|Any CPU
		{13824D47-B283-4E4E-8519-A268E0018290}.Release|Any CPU.Build.0 = Release|Any CPU
	EndGlobalSection
	GlobalSection(SolutionProperties) = preSolution
		HideSolutionNode = FALSE
	EndGlobalSection
	GlobalSection(ExtensibilityGlobals) = postSolution
		SolutionGuid = {C72EC248-04B2-48B4-8DC8-8B1683B3A4DC}
	EndGlobalSection
EndGlobal
